<Solution>
  <Folder Name="/ConsumerDatabase/" />
  <Folder Name="/ConsumerServices/">
    <Project Path="Consumer.Service/Consumer.Service.csproj" />
  </Folder>
  <Folder Name="/ConsumerShared/">
    <Project Path="Consumer.Shared/Consumer.Shared/Consumer.Shared.csproj" />
  </Folder>
</Solution>
